
Microsoft Visual Studio Solution File, Format Version 11.00
# Visual Studio 2010
Project("{8BC9CEB8-8B4A-11D0-8D11-00A0C91BC942}") = "ServerMgr", "ServerMgr\ServerMgr.vcxproj", "{20801904-3CAD-4057-9BF1-97048AE49BBC}"
EndProject
Global
	GlobalSection(SolutionConfigurationPlatforms) = preSolution
		Debug|Win32 = Debug|Win32
		Debug|x64 = Debug|x64
		Release|Win32 = Release|Win32
		Release|x64 = Release|x64
	EndGlobalSection
	GlobalSection(ProjectConfigurationPlatforms) = postSolution
		{20801904-3CAD-4057-9BF1-97048AE49BBC}.Debug|Win32.ActiveCfg = Debug|Win32
		{20801904-3CAD-4057-9BF1-97048AE49BBC}.Debug|Win32.Build.0 = Debug|Win32
		{20801904-3CAD-4057-9BF1-97048AE49BBC}.Debug|x64.ActiveCfg = Debug|x64
		{20801904-3CAD-4057-9BF1-97048AE49BBC}.Debug|x64.Build.0 = Debug|x64
		{20801904-3CAD-4057-9BF1-97048AE49BBC}.Release|Win32.ActiveCfg = Release|Win32
		{20801904-3CAD-4057-9BF1-97048AE49BBC}.Release|Win32.Build.0 = Release|Win32
		{20801904-3CAD-4057-9BF1-97048AE49BBC}.Release|x64.ActiveCfg = Release|x64
		{20801904-3CAD-4057-9BF1-97048AE49BBC}.Release|x64.Build.0 = Release|x64
	EndGlobalSection
	GlobalSection(SolutionProperties) = preSolution
		HideSolutionNode = FALSE
	EndGlobalSection
EndGlobal
